# This file is automatically @generated by Poetry 1.8.3 and should not be changed by hand.

[[package]]
name = "arpeggio"
version = "2.0.1"
description = "Packrat parser interpreter"
optional = true
python-versions = "*"
files = [
    {file = "Arpeggio-2.0.1-py2.py3-none-any.whl", hash = "sha256:5372cf9daee84bd695e99f17371c844504ead3b1d96c70b95dfc54f957fe69de"},
    {file = "Arpeggio-2.0.1.tar.gz", hash = "sha256:8dfee59d546e0192e3c47f630f08f12ba7cf542caf157c58d516a193e3bfb854"},
]

[package.extras]
dev = ["mike", "mkdocs", "twine", "wheel"]
test = ["coverage", "coveralls", "flake8", "pytest"]

[[package]]
name = "arpeggio"
version = "2.0.2"
description = "Packrat parser interpreter"
optional = true
python-versions = "*"
files = [
    {file = "Arpeggio-2.0.2-py2.py3-none-any.whl", hash = "sha256:f7c8ae4f4056a89e020c24c7202ac8df3e2bc84e416746f20b0da35bb1de0250"},
    {file = "Arpeggio-2.0.2.tar.gz", hash = "sha256:c790b2b06e226d2dd468e4fbfb5b7f506cec66416031fde1441cf1de2a0ba700"},
]

[package.extras]
dev = ["mike", "mkdocs", "twine", "wheel"]
test = ["coverage", "coveralls", "flake8", "pytest"]

[metadata]
lock-version = "2.0"
python-versions = "^3.12"
content-hash = "ffd980bd3817a42ed8bf49305c052f63dbc5bc21b1df334784b76d1d9b524c7a"
